# This file is automatically @generated by Cargo.
# It is not intended for manual editing.
version = 4

[[package]]
name = "zk-cli"
version = "0.1.0"
dependencies = [
 "zk-core",
 "zk-crypto",
 "zk-protocol",
 "zk-storage",
 "zk-sync",
]

[[package]]
name = "zk-core"
version = "0.1.0"
dependencies = [
 "zk-crypto",
 "zk-protocol",
]

[[package]]
name = "zk-crypto"
version = "0.1.0"
dependencies = [
 "zk-protocol",
]

[[package]]
name = "zk-protocol"
version = "0.1.0"

[[package]]
name = "zk-server"
version = "0.1.0"
dependencies = [
 "zk-protocol",
]

[[package]]
name = "zk-storage"
version = "0.1.0"
dependencies = [
 "zk-protocol",
]

[[package]]
name = "zk-sync"
version = "0.1.0"
dependencies = [
 "zk-core",
 "zk-crypto",
 "zk-protocol",
 "zk-storage",
]
